
Microsoft Visual Studio Solution File, Format Version 12.00
# Visual Studio Version 17
VisualStudioVersion = 17.3.32929.385
MinimumVisualStudioVersion = 10.0.40219.1
Project("{FAE04EC0-301F-11D3-BF4B-00C04F79EFBC}") = "MQTTApp1", "MQTTApp1\MQTTApp1.csproj", "{75AAEFBB-8CCF-43A9-AD53-4F1A240ED35F}"
EndProject
Project("{FAE04EC0-301F-11D3-BF4B-00C04F79EFBC}") = "MQTTApp2", "MQTTApp2\MQTTApp2.csproj", "{11EDBD11-6001-4501-9643-37E063710581}"
EndProject
Project("{FAE04EC0-301F-11D3-BF4B-00C04F79EFBC}") = "MessageDto", "MessageDto\MessageDto.csproj", "{F19D819E-AF63-4880-9CF6-C972AB4E27D7}"
EndProject
Global
	GlobalSection(SolutionConfigurationPlatforms) = preSolution
		Debug|Any CPU = Debug|Any CPU
		Release|Any CPU = Release|Any CPU
	EndGlobalSection
	GlobalSection(ProjectConfigurationPlatforms) = postSolution
		{75AAEFBB-8CCF-43A9-AD53-4F1A240ED35F}.Debug|Any CPU.ActiveCfg = Debug|Any CPU
		{75AAEFBB-8CCF-43A9-AD53-4F1A240ED35F}.Debug|Any CPU.Build.0 = Debug|Any CPU
		{75AAEFBB-8CCF-43A9-AD53-4F1A240ED35F}.Release|Any CPU.ActiveCfg = Release|Any CPU
		{75AAEFBB-8CCF-43A9-AD53-4F1A240ED35F}.Release|Any CPU.Build.0 = Release|Any CPU
		{11EDBD11-6001-4501-9643-37E063710581}.Debug|Any CPU.ActiveCfg = Debug|Any CPU
		{11EDBD11-6001-4501-9643-37E063710581}.Debug|Any CPU.Build.0 = Debug|Any CPU
		{11EDBD11-6001-4501-9643-37E063710581}.Release|Any CPU.ActiveCfg = Release|Any CPU
		{11EDBD11-6001-4501-9643-37E063710581}.Release|Any CPU.Build.0 = Release|Any CPU
		{F19D819E-AF63-4880-9CF6-C972AB4E27D7}.Debug|Any CPU.ActiveCfg = Debug|Any CPU
		{F19D819E-AF63-4880-9CF6-C972AB4E27D7}.Debug|Any CPU.Build.0 = Debug|Any CPU
		{F19D819E-AF63-4880-9CF6-C972AB4E27D7}.Release|Any CPU.ActiveCfg = Release|Any CPU
		{F19D819E-AF63-4880-9CF6-C972AB4E27D7}.Release|Any CPU.Build.0 = Release|Any CPU
	EndGlobalSection
	GlobalSection(SolutionProperties) = preSolution
		HideSolutionNode = FALSE
	EndGlobalSection
	GlobalSection(ExtensibilityGlobals) = postSolution
		SolutionGuid = {D7BAC121-2E21-41B9-9D19-2A6826A42619}
	EndGlobalSection
EndGlobal
